
Microsoft Visual Studio Solution File, Format Version 12.00
# Visual Studio 14
VisualStudioVersion = 14.0.23107.0
MinimumVisualStudioVersion = 10.0.40219.1
Project("{2150E333-8FDC-42A3-9474-1A3956D46DE8}") = "2.hr", "2.hr", "{691678C3-3E16-47A8-8C07-8B1216DFA856}"
EndProject
Project("{2150E333-8FDC-42A3-9474-1A3956D46DE8}") = "3.auth", "3.auth", "{6D16C8F9-3D0B-4AA6-81EE-0357996B25C9}"
EndProject
Project("{2150E333-8FDC-42A3-9474-1A3956D46DE8}") = "4.flow", "4.flow", "{C78080EA-663A-438F-837C-998428ECC522}"
EndProject
Project("{2150E333-8FDC-42A3-9474-1A3956D46DE8}") = "5.fx", "5.fx", "{288AE027-F4FB-4F6F-9CF5-9322DD3FE0F3}"
EndProject
Project("{2150E333-8FDC-42A3-9474-1A3956D46DE8}") = "7.tpl", "7.tpl", "{E6E58216-8359-4B46-86F6-C5FB2544C4FD}"
	ProjectSection(SolutionItems) = preProject
		tpl\Builder.cst = tpl\Builder.cst
		tpl\Controller.cst = tpl\Controller.cst
		tpl\Details.cst = tpl\Details.cst
		tpl\Edit.cst = tpl\Edit.cst
		tpl\Entity.cst = tpl\Entity.cst
		tpl\EntityView.cst = tpl\EntityView.cst
		tpl\Grid.cst = tpl\Grid.cst
		tpl\Index.cst = tpl\Index.cst
		tpl\Service.cst = tpl\Service.cst
	EndProjectSection
EndProject
Project("{2150E333-8FDC-42A3-9474-1A3956D46DE8}") = "6.doc", "6.doc", "{F0E95393-0615-4D09-AA9A-B351A86A9058}"
	ProjectSection(SolutionItems) = preProject
		doc\Zeniths.Hr.pdm = doc\Zeniths.Hr.pdm
	EndProjectSection
EndProject
Project("{2150E333-8FDC-42A3-9474-1A3956D46DE8}") = "8.lib", "8.lib", "{D9E13FD6-975E-4138-9744-14D76A8A6D52}"
	ProjectSection(SolutionItems) = preProject
		lib\DevExpress.Charts.v14.2.Core.dll = lib\DevExpress.Charts.v14.2.Core.dll
		lib\DevExpress.Data.v14.2.dll = lib\DevExpress.Data.v14.2.dll
		lib\DevExpress.Docs.v14.2.dll = lib\DevExpress.Docs.v14.2.dll
		lib\DevExpress.Office.v14.2.Core.dll = lib\DevExpress.Office.v14.2.Core.dll
		lib\DevExpress.Spreadsheet.v14.2.Core.dll = lib\DevExpress.Spreadsheet.v14.2.Core.dll
	EndProjectSection
EndProject
Project("{FAE04EC0-301F-11D3-BF4B-00C04F79EFBC}") = "Zeniths.Web", "src\Zeniths.Web\Zeniths.Web.csproj", "{3D2097A2-46FF-44D5-B770-3EEEA2B404ED}"
EndProject
Project("{FAE04EC0-301F-11D3-BF4B-00C04F79EFBC}") = "Zeniths.WorkFlow", "src\Zeniths.WorkFlow\Zeniths.WorkFlow.csproj", "{696A6FD8-904F-41F6-AF24-8BF154AC9472}"
EndProject
Project("{FAE04EC0-301F-11D3-BF4B-00C04F79EFBC}") = "Zeniths.Auth", "src\Zeniths.Auth\Zeniths.Auth.csproj", "{EB7B2A8A-484D-4279-861C-5560B1D76160}"
EndProject
Project("{FAE04EC0-301F-11D3-BF4B-00C04F79EFBC}") = "Zeniths.Hr", "src\Zeniths.Hr\Zeniths.Hr.csproj", "{A151CFA0-A72E-499B-84E0-AF5DC3D2D142}"
EndProject
Project("{FAE04EC0-301F-11D3-BF4B-00C04F79EFBC}") = "Zeniths.Utility", "src\Zeniths.Utility\Zeniths.Utility.csproj", "{7E12AFBA-BCDD-4DE2-81E0-D4C7074D68AA}"
EndProject
Project("{FAE04EC0-301F-11D3-BF4B-00C04F79EFBC}") = "Zeniths.Data", "src\Zeniths.Data\Zeniths.Data.csproj", "{E67F375D-EE64-4BDF-8458-A1C2B2A29472}"
EndProject
Project("{FAE04EC0-301F-11D3-BF4B-00C04F79EFBC}") = "Zeniths.Document", "src\Zeniths.Document\Zeniths.Document.csproj", "{FFB05F57-778A-480C-AE21-07D99F540ED8}"
EndProject
Project("{FAE04EC0-301F-11D3-BF4B-00C04F79EFBC}") = "Zeniths.MvcUtility", "src\Zeniths.MvcUtility\Zeniths.MvcUtility.csproj", "{C7FCCD1D-B5EC-4E9F-89EF-E81E5DD80B42}"
EndProject
Project("{FAE04EC0-301F-11D3-BF4B-00C04F79EFBC}") = "Zeniths.Hr.Utility", "src\Zeniths.Hr.Utility\Zeniths.Hr.Utility.csproj", "{78AB72FE-33C1-4B1F-A769-EFDB7AA08544}"
EndProject
Project("{FAE04EC0-301F-11D3-BF4B-00C04F79EFBC}") = "Zeniths.Auth.Utility", "src\Zeniths.Auth.Utility\Zeniths.Auth.Utility.csproj", "{263DBFCF-A690-4E04-B02C-CC004E065400}"
EndProject
Project("{2150E333-8FDC-42A3-9474-1A3956D46DE8}") = "1.client", "1.client", "{A77C243D-A010-4BE3-91F7-8141DC39CFD0}"
EndProject
Project("{FAE04EC0-301F-11D3-BF4B-00C04F79EFBC}") = "Zeniths.WorkFlow.Utility", "src\Zeniths.WorkFlow.Utility\Zeniths.WorkFlow.Utility.csproj", "{140BA391-680A-4506-9BF9-9E1BDBF1D519}"
EndProject
Project("{2150E333-8FDC-42A3-9474-1A3956D46DE8}") = "9.test", "9.test", "{F0399B32-1204-4F39-925F-6F6CBE8001EF}"
EndProject
Project("{FAE04EC0-301F-11D3-BF4B-00C04F79EFBC}") = "Zeniths.Test", "src\Zeniths.Test\Zeniths.Test.csproj", "{78C549DD-C839-44BD-B4CE-845F01F8695B}"
EndProject
Project("{FAE04EC0-301F-11D3-BF4B-00C04F79EFBC}") = "Zeniths.Hr.WorkFlow", "src\Zeniths.Hr.WorkFlow\Zeniths.Hr.WorkFlow.csproj", "{69D3E92A-AC3D-465B-A146-BE54432F19E1}"
EndProject
Global
	GlobalSection(SolutionConfigurationPlatforms) = preSolution
		Debug|Any CPU = Debug|Any CPU
		Release|Any CPU = Release|Any CPU
	EndGlobalSection
	GlobalSection(ProjectConfigurationPlatforms) = postSolution
		{3D2097A2-46FF-44D5-B770-3EEEA2B404ED}.Debug|Any CPU.ActiveCfg = Debug|Any CPU
		{3D2097A2-46FF-44D5-B770-3EEEA2B404ED}.Debug|Any CPU.Build.0 = Debug|Any CPU
		{3D2097A2-46FF-44D5-B770-3EEEA2B404ED}.Release|Any CPU.ActiveCfg = Release|Any CPU
		{3D2097A2-46FF-44D5-B770-3EEEA2B404ED}.Release|Any CPU.Build.0 = Release|Any CPU
		{696A6FD8-904F-41F6-AF24-8BF154AC9472}.Debug|Any CPU.ActiveCfg = Debug|Any CPU
		{696A6FD8-904F-41F6-AF24-8BF154AC9472}.Debug|Any CPU.Build.0 = Debug|Any CPU
		{696A6FD8-904F-41F6-AF24-8BF154AC9472}.Release|Any CPU.ActiveCfg = Release|Any CPU
		{696A6FD8-904F-41F6-AF24-8BF154AC9472}.Release|Any CPU.Build.0 = Release|Any CPU
		{EB7B2A8A-484D-4279-861C-5560B1D76160}.Debug|Any CPU.ActiveCfg = Debug|Any CPU
		{EB7B2A8A-484D-4279-861C-5560B1D76160}.Debug|Any CPU.Build.0 = Debug|Any CPU
		{EB7B2A8A-484D-4279-861C-5560B1D76160}.Release|Any CPU.ActiveCfg = Release|Any CPU
		{EB7B2A8A-484D-4279-861C-5560B1D76160}.Release|Any CPU.Build.0 = Release|Any CPU
		{A151CFA0-A72E-499B-84E0-AF5DC3D2D142}.Debug|Any CPU.ActiveCfg = Debug|Any CPU
		{A151CFA0-A72E-499B-84E0-AF5DC3D2D142}.Debug|Any CPU.Build.0 = Debug|Any CPU
		{A151CFA0-A72E-499B-84E0-AF5DC3D2D142}.Release|Any CPU.ActiveCfg = Release|Any CPU
		{A151CFA0-A72E-499B-84E0-AF5DC3D2D142}.Release|Any CPU.Build.0 = Release|Any CPU
		{7E12AFBA-BCDD-4DE2-81E0-D4C7074D68AA}.Debug|Any CPU.ActiveCfg = Debug|Any CPU
		{7E12AFBA-BCDD-4DE2-81E0-D4C7074D68AA}.Debug|Any CPU.Build.0 = Debug|Any CPU
		{7E12AFBA-BCDD-4DE2-81E0-D4C7074D68AA}.Release|Any CPU.ActiveCfg = Release|Any CPU
		{7E12AFBA-BCDD-4DE2-81E0-D4C7074D68AA}.Release|Any CPU.Build.0 = Release|Any CPU
		{E67F375D-EE64-4BDF-8458-A1C2B2A29472}.Debug|Any CPU.ActiveCfg = Debug|Any CPU
		{E67F375D-EE64-4BDF-8458-A1C2B2A29472}.Debug|Any CPU.Build.0 = Debug|Any CPU
		{E67F375D-EE64-4BDF-8458-A1C2B2A29472}.Release|Any CPU.ActiveCfg = Release|Any CPU
		{E67F375D-EE64-4BDF-8458-A1C2B2A29472}.Release|Any CPU.Build.0 = Release|Any CPU
		{FFB05F57-778A-480C-AE21-07D99F540ED8}.Debug|Any CPU.ActiveCfg = Debug|Any CPU
		{FFB05F57-778A-480C-AE21-07D99F540ED8}.Debug|Any CPU.Build.0 = Debug|Any CPU
		{FFB05F57-778A-480C-AE21-07D99F540ED8}.Release|Any CPU.ActiveCfg = Release|Any CPU
		{FFB05F57-778A-480C-AE21-07D99F540ED8}.Release|Any CPU.Build.0 = Release|Any CPU
		{C7FCCD1D-B5EC-4E9F-89EF-E81E5DD80B42}.Debug|Any CPU.ActiveCfg = Debug|Any CPU
		{C7FCCD1D-B5EC-4E9F-89EF-E81E5DD80B42}.Debug|Any CPU.Build.0 = Debug|Any CPU
		{C7FCCD1D-B5EC-4E9F-89EF-E81E5DD80B42}.Release|Any CPU.ActiveCfg = Release|Any CPU
		{C7FCCD1D-B5EC-4E9F-89EF-E81E5DD80B42}.Release|Any CPU.Build.0 = Release|Any CPU
		{78AB72FE-33C1-4B1F-A769-EFDB7AA08544}.Debug|Any CPU.ActiveCfg = Debug|Any CPU
		{78AB72FE-33C1-4B1F-A769-EFDB7AA08544}.Debug|Any CPU.Build.0 = Debug|Any CPU
		{78AB72FE-33C1-4B1F-A769-EFDB7AA08544}.Release|Any CPU.ActiveCfg = Release|Any CPU
		{78AB72FE-33C1-4B1F-A769-EFDB7AA08544}.Release|Any CPU.Build.0 = Release|Any CPU
		{263DBFCF-A690-4E04-B02C-CC004E065400}.Debug|Any CPU.ActiveCfg = Debug|Any CPU
		{263DBFCF-A690-4E04-B02C-CC004E065400}.Debug|Any CPU.Build.0 = Debug|Any CPU
		{263DBFCF-A690-4E04-B02C-CC004E065400}.Release|Any CPU.ActiveCfg = Release|Any CPU
		{263DBFCF-A690-4E04-B02C-CC004E065400}.Release|Any CPU.Build.0 = Release|Any CPU
		{140BA391-680A-4506-9BF9-9E1BDBF1D519}.Debug|Any CPU.ActiveCfg = Debug|Any CPU
		{140BA391-680A-4506-9BF9-9E1BDBF1D519}.Debug|Any CPU.Build.0 = Debug|Any CPU
		{140BA391-680A-4506-9BF9-9E1BDBF1D519}.Release|Any CPU.ActiveCfg = Release|Any CPU
		{140BA391-680A-4506-9BF9-9E1BDBF1D519}.Release|Any CPU.Build.0 = Release|Any CPU
		{78C549DD-C839-44BD-B4CE-845F01F8695B}.Debug|Any CPU.ActiveCfg = Debug|Any CPU
		{78C549DD-C839-44BD-B4CE-845F01F8695B}.Debug|Any CPU.Build.0 = Debug|Any CPU
		{78C549DD-C839-44BD-B4CE-845F01F8695B}.Release|Any CPU.ActiveCfg = Release|Any CPU
		{78C549DD-C839-44BD-B4CE-845F01F8695B}.Release|Any CPU.Build.0 = Release|Any CPU
		{69D3E92A-AC3D-465B-A146-BE54432F19E1}.Debug|Any CPU.ActiveCfg = Debug|Any CPU
		{69D3E92A-AC3D-465B-A146-BE54432F19E1}.Debug|Any CPU.Build.0 = Debug|Any CPU
		{69D3E92A-AC3D-465B-A146-BE54432F19E1}.Release|Any CPU.ActiveCfg = Release|Any CPU
		{69D3E92A-AC3D-465B-A146-BE54432F19E1}.Release|Any CPU.Build.0 = Release|Any CPU
	EndGlobalSection
	GlobalSection(SolutionProperties) = preSolution
		HideSolutionNode = FALSE
	EndGlobalSection
	GlobalSection(NestedProjects) = preSolution
		{3D2097A2-46FF-44D5-B770-3EEEA2B404ED} = {A77C243D-A010-4BE3-91F7-8141DC39CFD0}
		{696A6FD8-904F-41F6-AF24-8BF154AC9472} = {C78080EA-663A-438F-837C-998428ECC522}
		{EB7B2A8A-484D-4279-861C-5560B1D76160} = {6D16C8F9-3D0B-4AA6-81EE-0357996B25C9}
		{A151CFA0-A72E-499B-84E0-AF5DC3D2D142} = {691678C3-3E16-47A8-8C07-8B1216DFA856}
		{7E12AFBA-BCDD-4DE2-81E0-D4C7074D68AA} = {288AE027-F4FB-4F6F-9CF5-9322DD3FE0F3}
		{E67F375D-EE64-4BDF-8458-A1C2B2A29472} = {288AE027-F4FB-4F6F-9CF5-9322DD3FE0F3}
		{FFB05F57-778A-480C-AE21-07D99F540ED8} = {288AE027-F4FB-4F6F-9CF5-9322DD3FE0F3}
		{C7FCCD1D-B5EC-4E9F-89EF-E81E5DD80B42} = {288AE027-F4FB-4F6F-9CF5-9322DD3FE0F3}
		{78AB72FE-33C1-4B1F-A769-EFDB7AA08544} = {691678C3-3E16-47A8-8C07-8B1216DFA856}
		{263DBFCF-A690-4E04-B02C-CC004E065400} = {6D16C8F9-3D0B-4AA6-81EE-0357996B25C9}
		{140BA391-680A-4506-9BF9-9E1BDBF1D519} = {C78080EA-663A-438F-837C-998428ECC522}
		{78C549DD-C839-44BD-B4CE-845F01F8695B} = {F0399B32-1204-4F39-925F-6F6CBE8001EF}
		{69D3E92A-AC3D-465B-A146-BE54432F19E1} = {691678C3-3E16-47A8-8C07-8B1216DFA856}
	EndGlobalSection
EndGlobal
